
Microsoft Visual Studio Solution File, Format Version 12.00
# Visual Studio 14
VisualStudioVersion = 14.0.24720.0
MinimumVisualStudioVersion = 10.0.40219.1
Project("{FAE04EC0-301F-11D3-BF4B-00C04F79EFBC}") = "TodoMVC.Backend", "TodoMVC.Backend\TodoMVC.Backend.csproj", "{D930DF37-AB21-40F4-877A-9DD65E38DB10}"
EndProject
Project("{FAE04EC0-301F-11D3-BF4B-00C04F79EFBC}") = "TodoMVC.Frontend", "TodoMVC.Frontend\TodoMVC.Frontend.csproj", "{B8442204-7DB9-409F-B3EA-F9E70B480F57}"
EndProject
Global
	GlobalSection(SolutionConfigurationPlatforms) = preSolution
		Debug|Any CPU = Debug|Any CPU
		Release|Any CPU = Release|Any CPU
	EndGlobalSection
	GlobalSection(ProjectConfigurationPlatforms) = postSolution
		{D930DF37-AB21-40F4-877A-9DD65E38DB10}.Debug|Any CPU.ActiveCfg = Debug|Any CPU
		{D930DF37-AB21-40F4-877A-9DD65E38DB10}.Debug|Any CPU.Build.0 = Debug|Any CPU
		{D930DF37-AB21-40F4-877A-9DD65E38DB10}.Release|Any CPU.ActiveCfg = Release|Any CPU
		{D930DF37-AB21-40F4-877A-9DD65E38DB10}.Release|Any CPU.Build.0 = Release|Any CPU
		{B8442204-7DB9-409F-B3EA-F9E70B480F57}.Debug|Any CPU.ActiveCfg = Debug|Any CPU
		{B8442204-7DB9-409F-B3EA-F9E70B480F57}.Debug|Any CPU.Build.0 = Debug|Any CPU
		{B8442204-7DB9-409F-B3EA-F9E70B480F57}.Release|Any CPU.ActiveCfg = Release|Any CPU
		{B8442204-7DB9-409F-B3EA-F9E70B480F57}.Release|Any CPU.Build.0 = Release|Any CPU
	EndGlobalSection
	GlobalSection(SolutionProperties) = preSolution
		HideSolutionNode = FALSE
	EndGlobalSection
EndGlobal
